
Microsoft Visual Studio Solution File, Format Version 12.00
# Visual Studio Version 17
VisualStudioVersion = 17.4.33213.308
MinimumVisualStudioVersion = 10.0.40219.1
Project("{FAE04EC0-301F-11D3-BF4B-00C04F79EFBC}") = "BlazorApp3", "BlazorApp3\BlazorApp3.csproj", "{9214447C-41CA-4164-941A-A4A0FD9EF25E}"
EndProject
Global
	GlobalSection(SolutionConfigurationPlatforms) = preSolution
		Debug|Any CPU = Debug|Any CPU
		Release|Any CPU = Release|Any CPU
	EndGlobalSection
	GlobalSection(ProjectConfigurationPlatforms) = postSolution
		{9214447C-41CA-4164-941A-A4A0FD9EF25E}.Debug|Any CPU.ActiveCfg = Debug|Any CPU
		{9214447C-41CA-4164-941A-A4A0FD9EF25E}.Debug|Any CPU.Build.0 = Debug|Any CPU
		{9214447C-41CA-4164-941A-A4A0FD9EF25E}.Release|Any CPU.ActiveCfg = Release|Any CPU
		{9214447C-41CA-4164-941A-A4A0FD9EF25E}.Release|Any CPU.Build.0 = Release|Any CPU
	EndGlobalSection
	GlobalSection(SolutionProperties) = preSolution
		HideSolutionNode = FALSE
	EndGlobalSection
	GlobalSection(ExtensibilityGlobals) = postSolution
		SolutionGuid = {49915761-27F7-44DC-A7BB-B1056A5F71DB}
	EndGlobalSection
EndGlobal
